
Microsoft Visual Studio Solution File, Format Version 12.00
# Visual Studio Version 17
VisualStudioVersion = 17.14.36121.58 d17.14
MinimumVisualStudioVersion = 10.0.40219.1
Project("{FAE04EC0-301F-11D3-BF4B-00C04F79EFBC}") = "MauiLoginApp", "MauiLoginApp.csproj", "{524B77CE-9507-4F67-B308-D6B4650D8949}"
EndProject
Global
	GlobalSection(SolutionConfigurationPlatforms) = preSolution
		Debug|Any CPU = Debug|Any CPU
		Release|Any CPU = Release|Any CPU
	EndGlobalSection
	GlobalSection(ProjectConfigurationPlatforms) = postSolution
		{524B77CE-9507-4F67-B308-D6B4650D8949}.Debug|Any CPU.ActiveCfg = Debug|Any CPU
		{524B77CE-9507-4F67-B308-D6B4650D8949}.Debug|Any CPU.Build.0 = Debug|Any CPU
		{524B77CE-9507-4F67-B308-D6B4650D8949}.Release|Any CPU.ActiveCfg = Release|Any CPU
		{524B77CE-9507-4F67-B308-D6B4650D8949}.Release|Any CPU.Build.0 = Release|Any CPU
	EndGlobalSection
	GlobalSection(SolutionProperties) = preSolution
		HideSolutionNode = FALSE
	EndGlobalSection
	GlobalSection(ExtensibilityGlobals) = postSolution
		SolutionGuid = {24E80654-DF7B-4DBF-99D6-C5DD6409C0CC}
	EndGlobalSection
EndGlobal
